
Microsoft Visual Studio Solution File, Format Version 12.00
# Visual Studio Version 16
VisualStudioVersion = 16.0.31605.320
MinimumVisualStudioVersion = 10.0.40219.1
Project("{FAE04EC0-301F-11D3-BF4B-00C04F79EFBC}") = "PetMedHomework", "PetMedHomework\PetMedHomework.csproj", "{5848A7DC-5B77-46BC-B20B-1D744887AF33}"
EndProject
Global
	GlobalSection(SolutionConfigurationPlatforms) = preSolution
		Debug|Any CPU = Debug|Any CPU
		Release|Any CPU = Release|Any CPU
	EndGlobalSection
	GlobalSection(ProjectConfigurationPlatforms) = postSolution
		{5848A7DC-5B77-46BC-B20B-1D744887AF33}.Debug|Any CPU.ActiveCfg = Debug|Any CPU
		{5848A7DC-5B77-46BC-B20B-1D744887AF33}.Debug|Any CPU.Build.0 = Debug|Any CPU
		{5848A7DC-5B77-46BC-B20B-1D744887AF33}.Release|Any CPU.ActiveCfg = Release|Any CPU
		{5848A7DC-5B77-46BC-B20B-1D744887AF33}.Release|Any CPU.Build.0 = Release|Any CPU
	EndGlobalSection
	GlobalSection(SolutionProperties) = preSolution
		HideSolutionNode = FALSE
	EndGlobalSection
	GlobalSection(ExtensibilityGlobals) = postSolution
		SolutionGuid = {EC580678-E27B-4FB0-93DC-472569C0B107}
	EndGlobalSection
EndGlobal
